
Microsoft Visual Studio Solution File, Format Version 12.00
# Visual Studio Version 17
VisualStudioVersion = 17.0.31903.59
MinimumVisualStudioVersion = 10.0.40219.1
Project("{2150E333-8FDC-42A3-9474-1A3956D46DE8}") = "src", "src", "{827E0CD3-B72D-47B6-A68D-7590B98EB39B}"
EndProject
Project("{FAE04EC0-301F-11D3-BF4B-00C04F79EFBC}") = "MemeTokenHub.ClaimService.Api", "src\MemeTokenHub.ClaimService.Api\MemeTokenHub.ClaimService.Api.csproj", "{938DD4A1-3160-4795-B520-0F40031181C5}"
EndProject
Project("{2150E333-8FDC-42A3-9474-1A3956D46DE8}") = "tests", "tests", "{0AB3BF05-4346-4AA6-1389-037BE0695223}"
EndProject
Project("{FAE04EC0-301F-11D3-BF4B-00C04F79EFBC}") = "MemeTokenHub.ClaimService.ContractTests", "tests\MemeTokenHub.ClaimService.ContractTests\MemeTokenHub.ClaimService.ContractTests.csproj", "{8B53BF30-4779-4815-9883-6789212EA0F6}"
EndProject
Project("{FAE04EC0-301F-11D3-BF4B-00C04F79EFBC}") = "MemeTokenHub.ClaimService.IntegrationTests", "tests\MemeTokenHub.ClaimService.IntegrationTests\MemeTokenHub.ClaimService.IntegrationTests.csproj", "{D54FB3CB-EC84-4DB2-82E3-74448C267E40}"
EndProject
Project("{FAE04EC0-301F-11D3-BF4B-00C04F79EFBC}") = "MemeTokenHub.ClaimService.UnitTests", "tests\MemeTokenHub.ClaimService.UnitTests\MemeTokenHub.ClaimService.UnitTests.csproj", "{4686C9A0-CB4C-4602-9D9E-2AB6226B28DC}"
EndProject
Global
	GlobalSection(SolutionConfigurationPlatforms) = preSolution
		Debug|Any CPU = Debug|Any CPU
		Debug|x64 = Debug|x64
		Debug|x86 = Debug|x86
		Release|Any CPU = Release|Any CPU
		Release|x64 = Release|x64
		Release|x86 = Release|x86
	EndGlobalSection
	GlobalSection(ProjectConfigurationPlatforms) = postSolution
		{938DD4A1-3160-4795-B520-0F40031181C5}.Debug|Any CPU.ActiveCfg = Debug|Any CPU
		{938DD4A1-3160-4795-B520-0F40031181C5}.Debug|Any CPU.Build.0 = Debug|Any CPU
		{938DD4A1-3160-4795-B520-0F40031181C5}.Debug|x64.ActiveCfg = Debug|Any CPU
		{938DD4A1-3160-4795-B520-0F40031181C5}.Debug|x64.Build.0 = Debug|Any CPU
		{938DD4A1-3160-4795-B520-0F40031181C5}.Debug|x86.ActiveCfg = Debug|Any CPU
		{938DD4A1-3160-4795-B520-0F40031181C5}.Debug|x86.Build.0 = Debug|Any CPU
		{938DD4A1-3160-4795-B520-0F40031181C5}.Release|Any CPU.ActiveCfg = Release|Any CPU
		{938DD4A1-3160-4795-B520-0F40031181C5}.Release|Any CPU.Build.0 = Release|Any CPU
		{938DD4A1-3160-4795-B520-0F40031181C5}.Release|x64.ActiveCfg = Release|Any CPU
		{938DD4A1-3160-4795-B520-0F40031181C5}.Release|x64.Build.0 = Release|Any CPU
		{938DD4A1-3160-4795-B520-0F40031181C5}.Release|x86.ActiveCfg = Release|Any CPU
		{938DD4A1-3160-4795-B520-0F40031181C5}.Release|x86.Build.0 = Release|Any CPU
		{8B53BF30-4779-4815-9883-6789212EA0F6}.Debug|Any CPU.ActiveCfg = Debug|Any CPU
		{8B53BF30-4779-4815-9883-6789212EA0F6}.Debug|Any CPU.Build.0 = Debug|Any CPU
		{8B53BF30-4779-4815-9883-6789212EA0F6}.Debug|x64.ActiveCfg = Debug|Any CPU
		{8B53BF30-4779-4815-9883-6789212EA0F6}.Debug|x64.Build.0 = Debug|Any CPU
		{8B53BF30-4779-4815-9883-6789212EA0F6}.Debug|x86.ActiveCfg = Debug|Any CPU
		{8B53BF30-4779-4815-9883-6789212EA0F6}.Debug|x86.Build.0 = Debug|Any CPU
		{8B53BF30-4779-4815-9883-6789212EA0F6}.Release|Any CPU.ActiveCfg = Release|Any CPU
		{8B53BF30-4779-4815-9883-6789212EA0F6}.Release|Any CPU.Build.0 = Release|Any CPU
		{8B53BF30-4779-4815-9883-6789212EA0F6}.Release|x64.ActiveCfg = Release|Any CPU
		{8B53BF30-4779-4815-9883-6789212EA0F6}.Release|x64.Build.0 = Release|Any CPU
		{8B53BF30-4779-4815-9883-6789212EA0F6}.Release|x86.ActiveCfg = Release|Any CPU
		{8B53BF30-4779-4815-9883-6789212EA0F6}.Release|x86.Build.0 = Release|Any CPU
		{D54FB3CB-EC84-4DB2-82E3-74448C267E40}.Debug|Any CPU.ActiveCfg = Debug|Any CPU
		{D54FB3CB-EC84-4DB2-82E3-74448C267E40}.Debug|Any CPU.Build.0 = Debug|Any CPU
		{D54FB3CB-EC84-4DB2-82E3-74448C267E40}.Debug|x64.ActiveCfg = Debug|Any CPU
		{D54FB3CB-EC84-4DB2-82E3-74448C267E40}.Debug|x64.Build.0 = Debug|Any CPU
		{D54FB3CB-EC84-4DB2-82E3-74448C267E40}.Debug|x86.ActiveCfg = Debug|Any CPU
		{D54FB3CB-EC84-4DB2-82E3-74448C267E40}.Debug|x86.Build.0 = Debug|Any CPU
		{D54FB3CB-EC84-4DB2-82E3-74448C267E40}.Release|Any CPU.ActiveCfg = Release|Any CPU
		{D54FB3CB-EC84-4DB2-82E3-74448C267E40}.Release|Any CPU.Build.0 = Release|Any CPU
		{D54FB3CB-EC84-4DB2-82E3-74448C267E40}.Release|x64.ActiveCfg = Release|Any CPU
		{D54FB3CB-EC84-4DB2-82E3-74448C267E40}.Release|x64.Build.0 = Release|Any CPU
		{D54FB3CB-EC84-4DB2-82E3-74448C267E40}.Release|x86.ActiveCfg = Release|Any CPU
		{D54FB3CB-EC84-4DB2-82E3-74448C267E40}.Release|x86.Build.0 = Release|Any CPU
		{4686C9A0-CB4C-4602-9D9E-2AB6226B28DC}.Debug|Any CPU.ActiveCfg = Debug|Any CPU
		{4686C9A0-CB4C-4602-9D9E-2AB6226B28DC}.Debug|Any CPU.Build.0 = Debug|Any CPU
		{4686C9A0-CB4C-4602-9D9E-2AB6226B28DC}.Debug|x64.ActiveCfg = Debug|Any CPU
		{4686C9A0-CB4C-4602-9D9E-2AB6226B28DC}.Debug|x64.Build.0 = Debug|Any CPU
		{4686C9A0-CB4C-4602-9D9E-2AB6226B28DC}.Debug|x86.ActiveCfg = Debug|Any CPU
		{4686C9A0-CB4C-4602-9D9E-2AB6226B28DC}.Debug|x86.Build.0 = Debug|Any CPU
		{4686C9A0-CB4C-4602-9D9E-2AB6226B28DC}.Release|Any CPU.ActiveCfg = Release|Any CPU
		{4686C9A0-CB4C-4602-9D9E-2AB6226B28DC}.Release|Any CPU.Build.0 = Release|Any CPU
		{4686C9A0-CB4C-4602-9D9E-2AB6226B28DC}.Release|x64.ActiveCfg = Release|Any CPU
		{4686C9A0-CB4C-4602-9D9E-2AB6226B28DC}.Release|x64.Build.0 = Release|Any CPU
		{4686C9A0-CB4C-4602-9D9E-2AB6226B28DC}.Release|x86.ActiveCfg = Release|Any CPU
		{4686C9A0-CB4C-4602-9D9E-2AB6226B28DC}.Release|x86.Build.0 = Release|Any CPU
	EndGlobalSection
	GlobalSection(SolutionProperties) = preSolution
		HideSolutionNode = FALSE
	EndGlobalSection
	GlobalSection(NestedProjects) = preSolution
		{938DD4A1-3160-4795-B520-0F40031181C5} = {827E0CD3-B72D-47B6-A68D-7590B98EB39B}
		{8B53BF30-4779-4815-9883-6789212EA0F6} = {0AB3BF05-4346-4AA6-1389-037BE0695223}
		{D54FB3CB-EC84-4DB2-82E3-74448C267E40} = {0AB3BF05-4346-4AA6-1389-037BE0695223}
		{4686C9A0-CB4C-4602-9D9E-2AB6226B28DC} = {0AB3BF05-4346-4AA6-1389-037BE0695223}
	EndGlobalSection
EndGlobal
